
Microsoft Visual Studio Solution File, Format Version 12.00
# Visual Studio 2013
VisualStudioVersion = 12.0.31101.0
MinimumVisualStudioVersion = 10.0.40219.1
Project("{FAE04EC0-301F-11D3-BF4B-00C04F79EFBC}") = "CustomWebServer", "CustomWebServer.csproj", "{D377A6CF-87A1-4098-AA5F-0C1BE7D8CF86}"
EndProject
Project("{FAE04EC0-301F-11D3-BF4B-00C04F79EFBC}") = "CustomWebServer.Logic", "..\CustomWebServer.Logic\CustomWebServer.Logic.csproj", "{926568DC-8705-485A-BDA5-40FAFB55171F}"
EndProject
Project("{2150E333-8FDC-42A3-9474-1A3956D46DE8}") = "DAL", "DAL", "{A0917652-4FB1-4F5F-AA25-999D30542CCB}"
EndProject
Project("{FAE04EC0-301F-11D3-BF4B-00C04F79EFBC}") = "Entity", "..\DAL\Entity\Entity.csproj", "{F3FB61A0-D12C-4CD4-858A-4F284644B857}"
EndProject
Project("{FAE04EC0-301F-11D3-BF4B-00C04F79EFBC}") = "Entity.POCO", "..\DAL\Entity.POCO\Entity.POCO.csproj", "{8B5CA64B-7FD9-4358-9DF0-5EF6A8A447A2}"
EndProject
Project("{2150E333-8FDC-42A3-9474-1A3956D46DE8}") = "IoC", "IoC", "{0C069091-2989-4288-8F1A-C9B0C8E30393}"
EndProject
Project("{FAE04EC0-301F-11D3-BF4B-00C04F79EFBC}") = "IoCContainer", "..\IoC\IoCContainer\IoCContainer.csproj", "{140ED19F-6F48-4CF8-9141-2FCE9A1181B7}"
EndProject
Project("{FAE04EC0-301F-11D3-BF4B-00C04F79EFBC}") = "InjectModels", "..\IoC\InjectModels\InjectModels.csproj", "{31B038FD-811B-4AEA-B89C-4E7AF99B2DD9}"
EndProject
Project("{FAE04EC0-301F-11D3-BF4B-00C04F79EFBC}") = "Entity.Repository", "..\DAL\Entity.Repository\Entity.Repository.csproj", "{309FE14A-A4A5-47B2-ADD2-9E84BC1034CE}"
EndProject
Project("{FAE04EC0-301F-11D3-BF4B-00C04F79EFBC}") = "Entity.Specifications", "..\DAL\Entity.Specification\Entity.Specifications.csproj", "{70F4C765-3253-47A3-8668-B6F26BD6C67B}"
EndProject
Project("{FAE04EC0-301F-11D3-BF4B-00C04F79EFBC}") = "CustomWebServer.Test", "..\CustomWebServer.Test\CustomWebServer.Test.csproj", "{A6E68ADD-B7C9-4381-818B-D2D931B0B546}"
EndProject
Global
	GlobalSection(SolutionConfigurationPlatforms) = preSolution
		Debug|Any CPU = Debug|Any CPU
		Debug|x64 = Debug|x64
		Release|Any CPU = Release|Any CPU
		Release|x64 = Release|x64
	EndGlobalSection
	GlobalSection(ProjectConfigurationPlatforms) = postSolution
		{D377A6CF-87A1-4098-AA5F-0C1BE7D8CF86}.Debug|Any CPU.ActiveCfg = Debug|Any CPU
		{D377A6CF-87A1-4098-AA5F-0C1BE7D8CF86}.Debug|Any CPU.Build.0 = Debug|Any CPU
		{D377A6CF-87A1-4098-AA5F-0C1BE7D8CF86}.Debug|x64.ActiveCfg = Debug|Any CPU
		{D377A6CF-87A1-4098-AA5F-0C1BE7D8CF86}.Release|Any CPU.ActiveCfg = Release|Any CPU
		{D377A6CF-87A1-4098-AA5F-0C1BE7D8CF86}.Release|Any CPU.Build.0 = Release|Any CPU
		{D377A6CF-87A1-4098-AA5F-0C1BE7D8CF86}.Release|x64.ActiveCfg = Release|Any CPU
		{926568DC-8705-485A-BDA5-40FAFB55171F}.Debug|Any CPU.ActiveCfg = Debug|Any CPU
		{926568DC-8705-485A-BDA5-40FAFB55171F}.Debug|Any CPU.Build.0 = Debug|Any CPU
		{926568DC-8705-485A-BDA5-40FAFB55171F}.Debug|x64.ActiveCfg = Debug|Any CPU
		{926568DC-8705-485A-BDA5-40FAFB55171F}.Release|Any CPU.ActiveCfg = Release|Any CPU
		{926568DC-8705-485A-BDA5-40FAFB55171F}.Release|Any CPU.Build.0 = Release|Any CPU
		{926568DC-8705-485A-BDA5-40FAFB55171F}.Release|x64.ActiveCfg = Release|Any CPU
		{F3FB61A0-D12C-4CD4-858A-4F284644B857}.Debug|Any CPU.ActiveCfg = Debug|Any CPU
		{F3FB61A0-D12C-4CD4-858A-4F284644B857}.Debug|Any CPU.Build.0 = Debug|Any CPU
		{F3FB61A0-D12C-4CD4-858A-4F284644B857}.Debug|x64.ActiveCfg = Debug|Any CPU
		{F3FB61A0-D12C-4CD4-858A-4F284644B857}.Release|Any CPU.ActiveCfg = Release|Any CPU
		{F3FB61A0-D12C-4CD4-858A-4F284644B857}.Release|Any CPU.Build.0 = Release|Any CPU
		{F3FB61A0-D12C-4CD4-858A-4F284644B857}.Release|x64.ActiveCfg = Release|Any CPU
		{8B5CA64B-7FD9-4358-9DF0-5EF6A8A447A2}.Debug|Any CPU.ActiveCfg = Debug|Any CPU
		{8B5CA64B-7FD9-4358-9DF0-5EF6A8A447A2}.Debug|Any CPU.Build.0 = Debug|Any CPU
		{8B5CA64B-7FD9-4358-9DF0-5EF6A8A447A2}.Debug|x64.ActiveCfg = Debug|Any CPU
		{8B5CA64B-7FD9-4358-9DF0-5EF6A8A447A2}.Release|Any CPU.ActiveCfg = Release|Any CPU
		{8B5CA64B-7FD9-4358-9DF0-5EF6A8A447A2}.Release|Any CPU.Build.0 = Release|Any CPU
		{8B5CA64B-7FD9-4358-9DF0-5EF6A8A447A2}.Release|x64.ActiveCfg = Release|Any CPU
		{140ED19F-6F48-4CF8-9141-2FCE9A1181B7}.Debug|Any CPU.ActiveCfg = Debug|Any CPU
		{140ED19F-6F48-4CF8-9141-2FCE9A1181B7}.Debug|Any CPU.Build.0 = Debug|Any CPU
		{140ED19F-6F48-4CF8-9141-2FCE9A1181B7}.Debug|x64.ActiveCfg = Debug|x64
		{140ED19F-6F48-4CF8-9141-2FCE9A1181B7}.Debug|x64.Build.0 = Debug|x64
		{140ED19F-6F48-4CF8-9141-2FCE9A1181B7}.Release|Any CPU.ActiveCfg = Release|Any CPU
		{140ED19F-6F48-4CF8-9141-2FCE9A1181B7}.Release|Any CPU.Build.0 = Release|Any CPU
		{140ED19F-6F48-4CF8-9141-2FCE9A1181B7}.Release|x64.ActiveCfg = Release|x64
		{140ED19F-6F48-4CF8-9141-2FCE9A1181B7}.Release|x64.Build.0 = Release|x64
		{31B038FD-811B-4AEA-B89C-4E7AF99B2DD9}.Debug|Any CPU.ActiveCfg = Debug|Any CPU
		{31B038FD-811B-4AEA-B89C-4E7AF99B2DD9}.Debug|Any CPU.Build.0 = Debug|Any CPU
		{31B038FD-811B-4AEA-B89C-4E7AF99B2DD9}.Debug|x64.ActiveCfg = Debug|Any CPU
		{31B038FD-811B-4AEA-B89C-4E7AF99B2DD9}.Release|Any CPU.ActiveCfg = Release|Any CPU
		{31B038FD-811B-4AEA-B89C-4E7AF99B2DD9}.Release|Any CPU.Build.0 = Release|Any CPU
		{31B038FD-811B-4AEA-B89C-4E7AF99B2DD9}.Release|x64.ActiveCfg = Release|Any CPU
		{309FE14A-A4A5-47B2-ADD2-9E84BC1034CE}.Debug|Any CPU.ActiveCfg = Debug|Any CPU
		{309FE14A-A4A5-47B2-ADD2-9E84BC1034CE}.Debug|Any CPU.Build.0 = Debug|Any CPU
		{309FE14A-A4A5-47B2-ADD2-9E84BC1034CE}.Debug|x64.ActiveCfg = Debug|Any CPU
		{309FE14A-A4A5-47B2-ADD2-9E84BC1034CE}.Release|Any CPU.ActiveCfg = Release|Any CPU
		{309FE14A-A4A5-47B2-ADD2-9E84BC1034CE}.Release|Any CPU.Build.0 = Release|Any CPU
		{309FE14A-A4A5-47B2-ADD2-9E84BC1034CE}.Release|x64.ActiveCfg = Release|Any CPU
		{70F4C765-3253-47A3-8668-B6F26BD6C67B}.Debug|Any CPU.ActiveCfg = Debug|Any CPU
		{70F4C765-3253-47A3-8668-B6F26BD6C67B}.Debug|Any CPU.Build.0 = Debug|Any CPU
		{70F4C765-3253-47A3-8668-B6F26BD6C67B}.Debug|x64.ActiveCfg = Debug|Any CPU
		{70F4C765-3253-47A3-8668-B6F26BD6C67B}.Release|Any CPU.ActiveCfg = Release|Any CPU
		{70F4C765-3253-47A3-8668-B6F26BD6C67B}.Release|Any CPU.Build.0 = Release|Any CPU
		{70F4C765-3253-47A3-8668-B6F26BD6C67B}.Release|x64.ActiveCfg = Release|Any CPU
		{A6E68ADD-B7C9-4381-818B-D2D931B0B546}.Debug|Any CPU.ActiveCfg = Debug|Any CPU
		{A6E68ADD-B7C9-4381-818B-D2D931B0B546}.Debug|Any CPU.Build.0 = Debug|Any CPU
		{A6E68ADD-B7C9-4381-818B-D2D931B0B546}.Debug|x64.ActiveCfg = Debug|Any CPU
		{A6E68ADD-B7C9-4381-818B-D2D931B0B546}.Release|Any CPU.ActiveCfg = Release|Any CPU
		{A6E68ADD-B7C9-4381-818B-D2D931B0B546}.Release|Any CPU.Build.0 = Release|Any CPU
		{A6E68ADD-B7C9-4381-818B-D2D931B0B546}.Release|x64.ActiveCfg = Release|Any CPU
	EndGlobalSection
	GlobalSection(SolutionProperties) = preSolution
		HideSolutionNode = FALSE
	EndGlobalSection
	GlobalSection(NestedProjects) = preSolution
		{F3FB61A0-D12C-4CD4-858A-4F284644B857} = {A0917652-4FB1-4F5F-AA25-999D30542CCB}
		{8B5CA64B-7FD9-4358-9DF0-5EF6A8A447A2} = {A0917652-4FB1-4F5F-AA25-999D30542CCB}
		{140ED19F-6F48-4CF8-9141-2FCE9A1181B7} = {0C069091-2989-4288-8F1A-C9B0C8E30393}
		{31B038FD-811B-4AEA-B89C-4E7AF99B2DD9} = {0C069091-2989-4288-8F1A-C9B0C8E30393}
		{309FE14A-A4A5-47B2-ADD2-9E84BC1034CE} = {A0917652-4FB1-4F5F-AA25-999D30542CCB}
		{70F4C765-3253-47A3-8668-B6F26BD6C67B} = {A0917652-4FB1-4F5F-AA25-999D30542CCB}
	EndGlobalSection
EndGlobal
